
Microsoft Visual Studio Solution File, Format Version 12.00
# Visual Studio Version 17
VisualStudioVersion = 17.11.35327.3
MinimumVisualStudioVersion = 10.0.40219.1
Project("{FAE04EC0-301F-11D3-BF4B-00C04F79EFBC}") = "Shop", "Shop.csproj", "{46C846E2-58AF-449C-81F5-FA7E417BFA82}"
EndProject
Global
	GlobalSection(SolutionConfigurationPlatforms) = preSolution
		Debug|Any CPU = Debug|Any CPU
		Release|Any CPU = Release|Any CPU
	EndGlobalSection
	GlobalSection(ProjectConfigurationPlatforms) = postSolution
		{46C846E2-58AF-449C-81F5-FA7E417BFA82}.Debug|Any CPU.ActiveCfg = Debug|Any CPU
		{46C846E2-58AF-449C-81F5-FA7E417BFA82}.Debug|Any CPU.Build.0 = Debug|Any CPU
		{46C846E2-58AF-449C-81F5-FA7E417BFA82}.Release|Any CPU.ActiveCfg = Release|Any CPU
		{46C846E2-58AF-449C-81F5-FA7E417BFA82}.Release|Any CPU.Build.0 = Release|Any CPU
	EndGlobalSection
	GlobalSection(SolutionProperties) = preSolution
		HideSolutionNode = FALSE
	EndGlobalSection
	GlobalSection(ExtensibilityGlobals) = postSolution
		SolutionGuid = {D239AD8E-E46B-4D1B-B7EE-7016AA3DE5DA}
	EndGlobalSection
EndGlobal
